
Microsoft Visual Studio Solution File, Format Version 12.00
# Visual Studio Version 17
VisualStudioVersion = 17.13.35919.96 d17.13
MinimumVisualStudioVersion = 10.0.40219.1
Project("{FAE04EC0-301F-11D3-BF4B-00C04F79EFBC}") = "Yatzy_test", "Yatzy_test\Yatzy_test.csproj", "{2FDBB228-BA82-4483-BDE0-CEF11B1CC89B}"
EndProject
Project("{FAE04EC0-301F-11D3-BF4B-00C04F79EFBC}") = "Yatzy_lib", "Yatzy_lib\Yatzy_lib.csproj", "{F2C51FBF-6C5B-4DC9-AB13-B28FD5CC34D8}"
EndProject
Global
	GlobalSection(SolutionConfigurationPlatforms) = preSolution
		Debug|Any CPU = Debug|Any CPU
		Release|Any CPU = Release|Any CPU
	EndGlobalSection
	GlobalSection(ProjectConfigurationPlatforms) = postSolution
		{2FDBB228-BA82-4483-BDE0-CEF11B1CC89B}.Debug|Any CPU.ActiveCfg = Debug|Any CPU
		{2FDBB228-BA82-4483-BDE0-CEF11B1CC89B}.Debug|Any CPU.Build.0 = Debug|Any CPU
		{2FDBB228-BA82-4483-BDE0-CEF11B1CC89B}.Release|Any CPU.ActiveCfg = Release|Any CPU
		{2FDBB228-BA82-4483-BDE0-CEF11B1CC89B}.Release|Any CPU.Build.0 = Release|Any CPU
		{F2C51FBF-6C5B-4DC9-AB13-B28FD5CC34D8}.Debug|Any CPU.ActiveCfg = Debug|Any CPU
		{F2C51FBF-6C5B-4DC9-AB13-B28FD5CC34D8}.Debug|Any CPU.Build.0 = Debug|Any CPU
		{F2C51FBF-6C5B-4DC9-AB13-B28FD5CC34D8}.Release|Any CPU.ActiveCfg = Release|Any CPU
		{F2C51FBF-6C5B-4DC9-AB13-B28FD5CC34D8}.Release|Any CPU.Build.0 = Release|Any CPU
	EndGlobalSection
	GlobalSection(SolutionProperties) = preSolution
		HideSolutionNode = FALSE
	EndGlobalSection
	GlobalSection(ExtensibilityGlobals) = postSolution
		SolutionGuid = {514078C9-AF2C-4E34-898F-F48A09C8EE31}
	EndGlobalSection
EndGlobal
